// !$*UTF8*$!
{
	archiveVersion = 1;
	classes = {
	};
	objectVersion = 56;
	objects = {

/* Begin PBXBuildFile section */
		EC8F443D29CF7D86004AA182 /* SetCardSymbolView.swift in Sources */ = {isa = PBXBuildFile; fileRef = EC8F443C29CF7D86004AA182 /* SetCardSymbolView.swift */; };
		EC99B6A129C90F1300F3D923 /* SetApp.swift in Sources */ = {isa = PBXBuildFile; fileRef = EC99B6A029C90F1300F3D923 /* SetApp.swift */; };
		EC99B6A329C90F1300F3D923 /* SetGameView.swift in Sources */ = {isa = PBXBuildFile; fileRef = EC99B6A229C90F1300F3D923 /* SetGameView.swift */; };
		EC99B6A529C90F1500F3D923 /* Assets.xcassets in Resources */ = {isa = PBXBuildFile; fileRef = EC99B6A429C90F1500F3D923 /* Assets.xcassets */; };
		EC99B6A829C90F1500F3D923 /* Preview Assets.xcassets in Resources */ = {isa = PBXBuildFile; fileRef = EC99B6A729C90F1500F3D923 /* Preview Assets.xcassets */; };
		ECA403D129C9124A0010CA15 /* SetGame.swift in Sources */ = {isa = PBXBuildFile; fileRef = ECA403D029C9124A0010CA15 /* SetGame.swift */; };
		ECA403D329C912520010CA15 /* CustomSetGame.swift in Sources */ = {isa = PBXBuildFile; fileRef = ECA403D229C912520010CA15 /* CustomSetGame.swift */; };
		ECA403D929CBBBF30010CA15 /* SetCardSymbol.swift in Sources */ = {isa = PBXBuildFile; fileRef = ECA403D829CBBBF30010CA15 /* SetCardSymbol.swift */; };
		ECA403DB29CBDE180010CA15 /* CustomNavBar.swift in Sources */ = {isa = PBXBuildFile; fileRef = ECA403DA29CBDE180010CA15 /* CustomNavBar.swift */; };
		ECA403DD29CBE0C00010CA15 /* TestView.swift in Sources */ = {isa = PBXBuildFile; fileRef = ECA403DC29CBE0C00010CA15 /* TestView.swift */; };
		ECA403DF29CBF0980010CA15 /* Diamond.swift in Sources */ = {isa = PBXBuildFile; fileRef = ECA403DE29CBF0980010CA15 /* Diamond.swift */; };
		ECA403E129CBF0A30010CA15 /* Triangle.swift in Sources */ = {isa = PBXBuildFile; fileRef = ECA403E029CBF0A30010CA15 /* Triangle.swift */; };
		ECA403E329CBF0AB0010CA15 /* Oval.swift in Sources */ = {isa = PBXBuildFile; fileRef = ECA403E229CBF0AB0010CA15 /* Oval.swift */; };
		ECA403E529CD06C10010CA15 /* FilledAndStrokedShapeWithOpacity.swift in Sources */ = {isa = PBXBuildFile; fileRef = ECA403E429CD06C00010CA15 /* FilledAndStrokedShapeWithOpacity.swift */; };
		ECA403EB29CE1A0A0010CA15 /* AdaptableToScrollVGrid.swift in Sources */ = {isa = PBXBuildFile; fileRef = ECA403EA29CE1A0A0010CA15 /* AdaptableToScrollVGrid.swift */; };
/* End PBXBuildFile section */

/* Begin PBXFileReference section */
		EC8F443C29CF7D86004AA182 /* SetCardSymbolView.swift */ = {isa = PBXFileReference; fileEncoding = 4; lastKnownFileType = sourcecode.swift; name = SetCardSymbolView.swift; path = Set/SetCardSymbolView.swift; sourceTree = "<group>"; };
		EC99B69D29C90F1300F3D923 /* Set.app */ = {isa = PBXFileReference; explicitFileType = wrapper.application; includeInIndex = 0; path = Set.app; sourceTree = BUILT_PRODUCTS_DIR; };
		EC99B6A029C90F1300F3D923 /* SetApp.swift */ = {isa = PBXFileReference; lastKnownFileType = sourcecode.swift; path = SetApp.swift; sourceTree = "<group>"; };
		EC99B6A229C90F1300F3D923 /* SetGameView.swift */ = {isa = PBXFileReference; lastKnownFileType = sourcecode.swift; path = SetGameView.swift; sourceTree = "<group>"; };
		EC99B6A429C90F1500F3D923 /* Assets.xcassets */ = {isa = PBXFileReference; lastKnownFileType = folder.assetcatalog; path = Assets.xcassets; sourceTree = "<group>"; };
		EC99B6A729C90F1500F3D923 /* Preview Assets.xcassets */ = {isa = PBXFileReference; lastKnownFileType = folder.assetcatalog; path = "Preview Assets.xcassets"; sourceTree = "<group>"; };
		ECA403D029C9124A0010CA15 /* SetGame.swift */ = {isa = PBXFileReference; lastKnownFileType = sourcecode.swift; path = SetGame.swift; sourceTree = "<group>"; };
		ECA403D229C912520010CA15 /* CustomSetGame.swift */ = {isa = PBXFileReference; lastKnownFileType = sourcecode.swift; path = CustomSetGame.swift; sourceTree = "<group>"; };
		ECA403D829CBBBF30010CA15 /* SetCardSymbol.swift */ = {isa = PBXFileReference; lastKnownFileType = sourcecode.swift; path = SetCardSymbol.swift; sourceTree = "<group>"; };
		ECA403DA29CBDE180010CA15 /* CustomNavBar.swift */ = {isa = PBXFileReference; lastKnownFileType = sourcecode.swift; path = CustomNavBar.swift; sourceTree = "<group>"; };
		ECA403DC29CBE0C00010CA15 /* TestView.swift */ = {isa = PBXFileReference; lastKnownFileType = sourcecode.swift; path = TestView.swift; sourceTree = "<group>"; };
		ECA403DE29CBF0980010CA15 /* Diamond.swift */ = {isa = PBXFileReference; lastKnownFileType = sourcecode.swift; path = Diamond.swift; sourceTree = "<group>"; };
		ECA403E029CBF0A30010CA15 /* Triangle.swift */ = {isa = PBXFileReference; lastKnownFileType = sourcecode.swift; path = Triangle.swift; sourceTree = "<group>"; };
		ECA403E229CBF0AB0010CA15 /* Oval.swift */ = {isa = PBXFileReference; lastKnownFileType = sourcecode.swift; path = Oval.swift; sourceTree = "<group>"; };
		ECA403E429CD06C00010CA15 /* FilledAndStrokedShapeWithOpacity.swift */ = {isa = PBXFileReference; lastKnownFileType = sourcecode.swift; path = FilledAndStrokedShapeWithOpacity.swift; sourceTree = "<group>"; };
		ECA403EA29CE1A0A0010CA15 /* AdaptableToScrollVGrid.swift */ = {isa = PBXFileReference; lastKnownFileType = sourcecode.swift; path = AdaptableToScrollVGrid.swift; sourceTree = "<group>"; };
/* End PBXFileReference section */

/* Begin PBXFrameworksBuildPhase section */
		EC99B69A29C90F1300F3D923 /* Frameworks */ = {
			isa = PBXFrameworksBuildPhase;
			buildActionMask = 2147483647;
			files = (
			);
			runOnlyForDeploymentPostprocessing = 0;
		};
/* End PBXFrameworksBuildPhase section */

/* Begin PBXGroup section */
		EC99B69429C90F1300F3D923 = {
			isa = PBXGroup;
			children = (
				EC8F443C29CF7D86004AA182 /* SetCardSymbolView.swift */,
				EC99B69F29C90F1300F3D923 /* Set */,
				EC99B69E29C90F1300F3D923 /* Products */,
			);
			sourceTree = "<group>";
		};
		EC99B69E29C90F1300F3D923 /* Products */ = {
			isa = PBXGroup;
			children = (
				EC99B69D29C90F1300F3D923 /* Set.app */,
			);
			name = Products;
			sourceTree = "<group>";
		};
		EC99B69F29C90F1300F3D923 /* Set */ = {
			isa = PBXGroup;
			children = (
				EC99B6A029C90F1300F3D923 /* SetApp.swift */,
				ECA403EA29CE1A0A0010CA15 /* AdaptableToScrollVGrid.swift */,
				EC99B6A229C90F1300F3D923 /* SetGameView.swift */,
				ECA403DA29CBDE180010CA15 /* CustomNavBar.swift */,
				ECA403E429CD06C00010CA15 /* FilledAndStrokedShapeWithOpacity.swift */,
				ECA403DC29CBE0C00010CA15 /* TestView.swift */,
				ECA403D229C912520010CA15 /* CustomSetGame.swift */,
				ECA403D829CBBBF30010CA15 /* SetCardSymbol.swift */,
				ECA403DE29CBF0980010CA15 /* Diamond.swift */,
				ECA403E029CBF0A30010CA15 /* Triangle.swift */,
				ECA403E229CBF0AB0010CA15 /* Oval.swift */,
				ECA403D029C9124A0010CA15 /* SetGame.swift */,
				EC99B6A429C90F1500F3D923 /* Assets.xcassets */,
				EC99B6A629C90F1500F3D923 /* Preview Content */,
			);
			path = Set;
			sourceTree = "<group>";
		};
		EC99B6A629C90F1500F3D923 /* Preview Content */ = {
			isa = PBXGroup;
			children = (
				EC99B6A729C90F1500F3D923 /* Preview Assets.xcassets */,
			);
			path = "Preview Content";
			sourceTree = "<group>";
		};
/* End PBXGroup section */

/* Begin PBXNativeTarget section */
		EC99B69C29C90F1300F3D923 /* Set */ = {
			isa = PBXNativeTarget;
			buildConfigurationList = EC99B6AB29C90F1500F3D923 /* Build configuration list for PBXNativeTarget "Set" */;
			buildPhases = (
				EC99B69929C90F1300F3D923 /* Sources */,
				EC99B69A29C90F1300F3D923 /* Frameworks */,
				EC99B69B29C90F1300F3D923 /* Resources */,
			);
			buildRules = (
			);
			dependencies = (
			);
			name = Set;
			productName = Set;
			productReference = EC99B69D29C90F1300F3D923 /* Set.app */;
			productType = "com.apple.product-type.application";
		};
/* End PBXNativeTarget section */

/* Begin PBXProject section */
		EC99B69529C90F1300F3D923 /* Project object */ = {
			isa = PBXProject;
			attributes = {
				BuildIndependentTargetsInParallel = 1;
				LastSwiftUpdateCheck = 1420;
				LastUpgradeCheck = 1420;
				TargetAttributes = {
					EC99B69C29C90F1300F3D923 = {
						CreatedOnToolsVersion = 14.2;
					};
				};
			};
			buildConfigurationList = EC99B69829C90F1300F3D923 /* Build configuration list for PBXProject "Set" */;
			compatibilityVersion = "Xcode 14.0";
			developmentRegion = en;
			hasScannedForEncodings = 0;
			knownRegions = (
				en,
				Base,
			);
			mainGroup = EC99B69429C90F1300F3D923;
			productRefGroup = EC99B69E29C90F1300F3D923 /* Products */;
			projectDirPath = "";
			projectRoot = "";
			targets = (
				EC99B69C29C90F1300F3D923 /* Set */,
			);
		};
/* End PBXProject section */

/* Begin PBXResourcesBuildPhase section */
		EC99B69B29C90F1300F3D923 /* Resources */ = {
			isa = PBXResourcesBuildPhase;
			buildActionMask = 2147483647;
			files = (
				EC99B6A829C90F1500F3D923 /* Preview Assets.xcassets in Resources */,
				EC99B6A529C90F1500F3D923 /* Assets.xcassets in Resources */,
			);
			runOnlyForDeploymentPostprocessing = 0;
		};
/* End PBXResourcesBuildPhase section */

/* Begin PBXSourcesBuildPhase section */
		EC99B69929C90F1300F3D923 /* Sources */ = {
			isa = PBXSourcesBuildPhase;
			buildActionMask = 2147483647;
			files = (
				EC99B6A329C90F1300F3D923 /* SetGameView.swift in Sources */,
				EC99B6A129C90F1300F3D923 /* SetApp.swift in Sources */,
				ECA403E329CBF0AB0010CA15 /* Oval.swift in Sources */,
				ECA403D929CBBBF30010CA15 /* SetCardSymbol.swift in Sources */,
				ECA403D329C912520010CA15 /* CustomSetGame.swift in Sources */,
				ECA403EB29CE1A0A0010CA15 /* AdaptableToScrollVGrid.swift in Sources */,
				ECA403DD29CBE0C00010CA15 /* TestView.swift in Sources */,
				EC8F443D29CF7D86004AA182 /* SetCardSymbolView.swift in Sources */,
				ECA403E529CD06C10010CA15 /* FilledAndStrokedShapeWithOpacity.swift in Sources */,
				ECA403D129C9124A0010CA15 /* SetGame.swift in Sources */,
				ECA403DF29CBF0980010CA15 /* Diamond.swift in Sources */,
				ECA403E129CBF0A30010CA15 /* Triangle.swift in Sources */,
				ECA403DB29CBDE180010CA15 /* CustomNavBar.swift in Sources */,
			);
			runOnlyForDeploymentPostprocessing = 0;
		};
/* End PBXSourcesBuildPhase section */

/* Begin XCBuildConfiguration section */
		EC99B6A929C90F1500F3D923 /* Debug */ = {
			isa = XCBuildConfiguration;
			buildSettings = {
				ALWAYS_SEARCH_USER_PATHS = NO;
				CLANG_ANALYZER_NONNULL = YES;
				CLANG_ANALYZER_NUMBER_OBJECT_CONVERSION = YES_AGGRESSIVE;
				CLANG_CXX_LANGUAGE_STANDARD = "gnu++20";
				CLANG_ENABLE_MODULES = YES;
				CLANG_ENABLE_OBJC_ARC = YES;
				CLANG_ENABLE_OBJC_WEAK = YES;
				CLANG_WARN_BLOCK_CAPTURE_AUTORELEASING = YES;
				CLANG_WARN_BOOL_CONVERSION = YES;
				CLANG_WARN_COMMA = YES;
				CLANG_WARN_CONSTANT_CONVERSION = YES;
				CLANG_WARN_DEPRECATED_OBJC_IMPLEMENTATIONS = YES;
				CLANG_WARN_DIRECT_OBJC_ISA_USAGE = YES_ERROR;
				CLANG_WARN_DOCUMENTATION_COMMENTS = YES;
				CLANG_WARN_EMPTY_BODY = YES;
				CLANG_WARN_ENUM_CONVERSION = YES;
				CLANG_WARN_INFINITE_RECURSION = YES;
				CLANG_WARN_INT_CONVERSION = YES;
				CLANG_WARN_NON_LITERAL_NULL_CONVERSION = YES;
				CLANG_WARN_OBJC_IMPLICIT_RETAIN_SELF = YES;
				CLANG_WARN_OBJC_LITERAL_CONVERSION = YES;
				CLANG_WARN_OBJC_ROOT_CLASS = YES_ERROR;
				CLANG_WARN_QUOTED_INCLUDE_IN_FRAMEWORK_HEADER = YES;
				CLANG_WARN_RANGE_LOOP_ANALYSIS = YES;
				CLANG_WARN_STRICT_PROTOTYPES = YES;
				CLANG_WARN_SUSPICIOUS_MOVE = YES;
				CLANG_WARN_UNGUARDED_AVAILABILITY = YES_AGGRESSIVE;
				CLANG_WARN_UNREACHABLE_CODE = YES;
				CLANG_WARN__DUPLICATE_METHOD_MATCH = YES;
				COPY_PHASE_STRIP = NO;
				DEBUG_INFORMATION_FORMAT = dwarf;
				ENABLE_STRICT_OBJC_MSGSEND = YES;
				ENABLE_TESTABILITY = YES;
				GCC_C_LANGUAGE_STANDARD = gnu11;
				GCC_DYNAMIC_NO_PIC = NO;
				GCC_NO_COMMON_BLOCKS = YES;
				GCC_OPTIMIZATION_LEVEL = 0;
				GCC_PREPROCESSOR_DEFINITIONS = (
					"DEBUG=1",
					"$(inherited)",
				);
				GCC_WARN_64_TO_32_BIT_CONVERSION = YES;
				GCC_WARN_ABOUT_RETURN_TYPE = YES_ERROR;
				GCC_WARN_UNDECLARED_SELECTOR = YES;
				GCC_WARN_UNINITIALIZED_AUTOS = YES_AGGRESSIVE;
				GCC_WARN_UNUSED_FUNCTION = YES;
				GCC_WARN_UNUSED_VARIABLE = YES;
				IPHONEOS_DEPLOYMENT_TARGET = 16.2;
				MTL_ENABLE_DEBUG_INFO = INCLUDE_SOURCE;
				MTL_FAST_MATH = YES;
				ONLY_ACTIVE_ARCH = YES;
				SDKROOT = iphoneos;
				SWIFT_ACTIVE_COMPILATION_CONDITIONS = DEBUG;
				SWIFT_OPTIMIZATION_LEVEL = "-Onone";
			};
			name = Debug;
		};
		EC99B6AA29C90F1500F3D923 /* Release */ = {
			isa = XCBuildConfiguration;
			buildSettings = {
				ALWAYS_SEARCH_USER_PATHS = NO;
				CLANG_ANALYZER_NONNULL = YES;
				CLANG_ANALYZER_NUMBER_OBJECT_CONVERSION = YES_AGGRESSIVE;
				CLANG_CXX_LANGUAGE_STANDARD = "gnu++20";
				CLANG_ENABLE_MODULES = YES;
				CLANG_ENABLE_OBJC_ARC = YES;
				CLANG_ENABLE_OBJC_WEAK = YES;
				CLANG_WARN_BLOCK_CAPTURE_AUTORELEASING = YES;
				CLANG_WARN_BOOL_CONVERSION = YES;
				CLANG_WARN_COMMA = YES;
				CLANG_WARN_CONSTANT_CONVERSION = YES;
				CLANG_WARN_DEPRECATED_OBJC_IMPLEMENTATIONS = YES;
				CLANG_WARN_DIRECT_OBJC_ISA_USAGE = YES_ERROR;
				CLANG_WARN_DOCUMENTATION_COMMENTS = YES;
				CLANG_WARN_EMPTY_BODY = YES;
				CLANG_WARN_ENUM_CONVERSION = YES;
				CLANG_WARN_INFINITE_RECURSION = YES;
				CLANG_WARN_INT_CONVERSION = YES;
				CLANG_WARN_NON_LITERAL_NULL_CONVERSION = YES;
				CLANG_WARN_OBJC_IMPLICIT_RETAIN_SELF = YES;
				CLANG_WARN_OBJC_LITERAL_CONVERSION = YES;
				CLANG_WARN_OBJC_ROOT_CLASS = YES_ERROR;
				CLANG_WARN_QUOTED_INCLUDE_IN_FRAMEWORK_HEADER = YES;
				CLANG_WARN_RANGE_LOOP_ANALYSIS = YES;
				CLANG_WARN_STRICT_PROTOTYPES = YES;
				CLANG_WARN_SUSPICIOUS_MOVE = YES;
				CLANG_WARN_UNGUARDED_AVAILABILITY = YES_AGGRESSIVE;
				CLANG_WARN_UNREACHABLE_CODE = YES;
				CLANG_WARN__DUPLICATE_METHOD_MATCH = YES;
				COPY_PHASE_STRIP = NO;
				DEBUG_INFORMATION_FORMAT = "dwarf-with-dsym";
				ENABLE_NS_ASSERTIONS = NO;
				ENABLE_STRICT_OBJC_MSGSEND = YES;
				GCC_C_LANGUAGE_STANDARD = gnu11;
				GCC_NO_COMMON_BLOCKS = YES;
				GCC_WARN_64_TO_32_BIT_CONVERSION = YES;
				GCC_WARN_ABOUT_RETURN_TYPE = YES_ERROR;
				GCC_WARN_UNDECLARED_SELECTOR = YES;
				GCC_WARN_UNINITIALIZED_AUTOS = YES_AGGRESSIVE;
				GCC_WARN_UNUSED_FUNCTION = YES;
				GCC_WARN_UNUSED_VARIABLE = YES;
				IPHONEOS_DEPLOYMENT_TARGET = 16.2;
				MTL_ENABLE_DEBUG_INFO = NO;
				MTL_FAST_MATH = YES;
				SDKROOT = iphoneos;
				SWIFT_COMPILATION_MODE = wholemodule;
				SWIFT_OPTIMIZATION_LEVEL = "-O";
				VALIDATE_PRODUCT = YES;
			};
			name = Release;
		};
		EC99B6AC29C90F1500F3D923 /* Debug */ = {
			isa = XCBuildConfiguration;
			buildSettings = {
				ASSETCATALOG_COMPILER_APPICON_NAME = AppIcon;
				ASSETCATALOG_COMPILER_GLOBAL_ACCENT_COLOR_NAME = AccentColor;
				CODE_SIGN_STYLE = Automatic;
				CURRENT_PROJECT_VERSION = 1;
				DEVELOPMENT_ASSET_PATHS = "\"Set/Preview Content\"";
				DEVELOPMENT_TEAM = XS82B54W8B;
				ENABLE_PREVIEWS = YES;
				GENERATE_INFOPLIST_FILE = YES;
				INFOPLIST_KEY_UIApplicationSceneManifest_Generation = YES;
				INFOPLIST_KEY_UIApplicationSupportsIndirectInputEvents = YES;
				INFOPLIST_KEY_UILaunchScreen_Generation = YES;
				INFOPLIST_KEY_UISupportedInterfaceOrientations_iPad = "UIInterfaceOrientationPortrait UIInterfaceOrientationPortraitUpsideDown UIInterfaceOrientationLandscapeLeft UIInterfaceOrientationLandscapeRight";
				INFOPLIST_KEY_UISupportedInterfaceOrientations_iPhone = "UIInterfaceOrientationPortrait UIInterfaceOrientationLandscapeLeft UIInterfaceOrientationLandscapeRight";
				IPHONEOS_DEPLOYMENT_TARGET = 16.0;
				LD_RUNPATH_SEARCH_PATHS = (
					"$(inherited)",
					"@executable_path/Frameworks",
				);
				MARKETING_VERSION = 1.0;
				PRODUCT_BUNDLE_IDENTIFIER = com.JoshuaGalvan.Set;
				PRODUCT_NAME = "$(TARGET_NAME)";
				SWIFT_EMIT_LOC_STRINGS = YES;
				SWIFT_VERSION = 5.0;
				TARGETED_DEVICE_FAMILY = "1,2";
			};
			name = Debug;
		};
		EC99B6AD29C90F1500F3D923 /* Release */ = {
			isa = XCBuildConfiguration;
			buildSettings = {
				ASSETCATALOG_COMPILER_APPICON_NAME = AppIcon;
				ASSETCATALOG_COMPILER_GLOBAL_ACCENT_COLOR_NAME = AccentColor;
				CODE_SIGN_STYLE = Automatic;
				CURRENT_PROJECT_VERSION = 1;
				DEVELOPMENT_ASSET_PATHS = "\"Set/Preview Content\"";
				DEVELOPMENT_TEAM = XS82B54W8B;
				ENABLE_PREVIEWS = YES;
				GENERATE_INFOPLIST_FILE = YES;
				INFOPLIST_KEY_UIApplicationSceneManifest_Generation = YES;
				INFOPLIST_KEY_UIApplicationSupportsIndirectInputEvents = YES;
				INFOPLIST_KEY_UILaunchScreen_Generation = YES;
				INFOPLIST_KEY_UISupportedInterfaceOrientations_iPad = "UIInterfaceOrientationPortrait UIInterfaceOrientationPortraitUpsideDown UIInterfaceOrientationLandscapeLeft UIInterfaceOrientationLandscapeRight";
				INFOPLIST_KEY_UISupportedInterfaceOrientations_iPhone = "UIInterfaceOrientationPortrait UIInterfaceOrientationLandscapeLeft UIInterfaceOrientationLandscapeRight";
				IPHONEOS_DEPLOYMENT_TARGET = 16.0;
				LD_RUNPATH_SEARCH_PATHS = (
					"$(inherited)",
					"@executable_path/Frameworks",
				);
				MARKETING_VERSION = 1.0;
				PRODUCT_BUNDLE_IDENTIFIER = com.JoshuaGalvan.Set;
				PRODUCT_NAME = "$(TARGET_NAME)";
				SWIFT_EMIT_LOC_STRINGS = YES;
				SWIFT_VERSION = 5.0;
				TARGETED_DEVICE_FAMILY = "1,2";
			};
			name = Release;
		};
/* End XCBuildConfiguration section */

/* Begin XCConfigurationList section */
		EC99B69829C90F1300F3D923 /* Build configuration list for PBXProject "Set" */ = {
			isa = XCConfigurationList;
			buildConfigurations = (
				EC99B6A929C90F1500F3D923 /* Debug */,
				EC99B6AA29C90F1500F3D923 /* Release */,
			);
			defaultConfigurationIsVisible = 0;
			defaultConfigurationName = Release;
		};
		EC99B6AB29C90F1500F3D923 /* Build configuration list for PBXNativeTarget "Set" */ = {
			isa = XCConfigurationList;
			buildConfigurations = (
				EC99B6AC29C90F1500F3D923 /* Debug */,
				EC99B6AD29C90F1500F3D923 /* Release */,
			);
			defaultConfigurationIsVisible = 0;
			defaultConfigurationName = Release;
		};
/* End XCConfigurationList section */
	};
	rootObject = EC99B69529C90F1300F3D923 /* Project object */;
}
